// !$*UTF8*$!
{
	archiveVersion = 1;
	classes = {
	};
	objectVersion = 46;
	objects = {

/* Begin PBXBuildFile section */
		749223F71D49154C00FF2650 /* main.m in Sources */ = {isa = PBXBuildFile; fileRef = 749223F61D49154C00FF2650 /* main.m */; };
		749224001D49173000FF2650 /* BotSavesPrincess.m in Sources */ = {isa = PBXBuildFile; fileRef = 749223FF1D49173000FF2650 /* BotSavesPrincess.m */; };
/* End PBXBuildFile section */

/* Begin PBXCopyFilesBuildPhase section */
		749223F11D49154C00FF2650 /* CopyFiles */ = {
			isa = PBXCopyFilesBuildPhase;
			buildActionMask = 2147483647;
			dstPath = /usr/share/man/man1/;
			dstSubfolderSpec = 0;
			files = (
			);
			runOnlyForDeploymentPostprocessing = 1;
		};
/* End PBXCopyFilesBuildPhase section */

/* Begin PBXFileReference section */
		749223F31D49154C00FF2650 /* Datasnok */ = {isa = PBXFileReference; explicitFileType = "compiled.mach-o.executable"; includeInIndex = 0; path = Datasnok; sourceTree = BUILT_PRODUCTS_DIR; };
		749223F61D49154C00FF2650 /* main.m */ = {isa = PBXFileReference; lastKnownFileType = sourcecode.c.objc; path = main.m; sourceTree = "<group>"; };
		749223FF1D49173000FF2650 /* BotSavesPrincess.m */ = {isa = PBXFileReference; fileEncoding = 4; lastKnownFileType = sourcecode.c.objc; path = BotSavesPrincess.m; sourceTree = "<group>"; };
/* End PBXFileReference section */

/* Begin PBXFrameworksBuildPhase section */
		749223F01D49154C00FF2650 /* Frameworks */ = {
			isa = PBXFrameworksBuildPhase;
			buildActionMask = 2147483647;
			files = (
			);
			runOnlyForDeploymentPostprocessing = 0;
		};
/* End PBXFrameworksBuildPhase section */

/* Begin PBXGroup section */
		749223EA1D49154C00FF2650 = {
			isa = PBXGroup;
			children = (
				749223F51D49154C00FF2650 /* Datasnok */,
				749223F41D49154C00FF2650 /* Products */,
			);
			sourceTree = "<group>";
		};
		749223F41D49154C00FF2650 /* Products */ = {
			isa = PBXGroup;
			children = (
				749223F31D49154C00FF2650 /* Datasnok */,
			);
			name = Products;
			sourceTree = "<group>";
		};
		749223F51D49154C00FF2650 /* Datasnok */ = {
			isa = PBXGroup;
			children = (
				749224011D49179600FF2650 /* Tutorials */,
				749223FD1D49162000FF2650 /* Artificial Intelligence */,
				749223F61D49154C00FF2650 /* main.m */,
			);
			path = Datasnok;
			sourceTree = "<group>";
		};
		749223FD1D49162000FF2650 /* Artificial Intelligence */ = {
			isa = PBXGroup;
			children = (
				749223FE1D4916D600FF2650 /* Bot building */,
			);
			path = "Artificial Intelligence";
			sourceTree = "<group>";
		};
		749223FE1D4916D600FF2650 /* Bot building */ = {
			isa = PBXGroup;
			children = (
				749223FF1D49173000FF2650 /* BotSavesPrincess.m */,
			);
			path = "Bot building";
			sourceTree = "<group>";
		};
		749224011D49179600FF2650 /* Tutorials */ = {
			isa = PBXGroup;
			children = (
				749224021D4917AD00FF2650 /* 30 days of code */,
			);
			path = Tutorials;
			sourceTree = "<group>";
		};
		749224021D4917AD00FF2650 /* 30 days of code */ = {
			isa = PBXGroup;
			children = (
			);
			path = "30 days of code";
			sourceTree = "<group>";
		};
/* End PBXGroup section */

/* Begin PBXNativeTarget section */
		749223F21D49154C00FF2650 /* Datasnok */ = {
			isa = PBXNativeTarget;
			buildConfigurationList = 749223FA1D49154C00FF2650 /* Build configuration list for PBXNativeTarget "Datasnok" */;
			buildPhases = (
				749223EF1D49154C00FF2650 /* Sources */,
				749223F01D49154C00FF2650 /* Frameworks */,
				749223F11D49154C00FF2650 /* CopyFiles */,
			);
			buildRules = (
			);
			dependencies = (
			);
			name = Datasnok;
			productName = Datasnok;
			productReference = 749223F31D49154C00FF2650 /* Datasnok */;
			productType = "com.apple.product-type.tool";
		};
/* End PBXNativeTarget section */

/* Begin PBXProject section */
		749223EB1D49154C00FF2650 /* Project object */ = {
			isa = PBXProject;
			attributes = {
				LastUpgradeCheck = 0730;
				ORGANIZATIONNAME = "Vladimir Urbano";
				TargetAttributes = {
					749223F21D49154C00FF2650 = {
						CreatedOnToolsVersion = 7.3.1;
					};
				};
			};
			buildConfigurationList = 749223EE1D49154C00FF2650 /* Build configuration list for PBXProject "Datasnok" */;
			compatibilityVersion = "Xcode 3.2";
			developmentRegion = English;
			hasScannedForEncodings = 0;
			knownRegions = (
				en,
			);
			mainGroup = 749223EA1D49154C00FF2650;
			productRefGroup = 749223F41D49154C00FF2650 /* Products */;
			projectDirPath = "";
			projectRoot = "";
			targets = (
				749223F21D49154C00FF2650 /* Datasnok */,
			);
		};
/* End PBXProject section */

/* Begin PBXSourcesBuildPhase section */
		749223EF1D49154C00FF2650 /* Sources */ = {
			isa = PBXSourcesBuildPhase;
			buildActionMask = 2147483647;
			files = (
				749223F71D49154C00FF2650 /* main.m in Sources */,
				749224001D49173000FF2650 /* BotSavesPrincess.m in Sources */,
			);
			runOnlyForDeploymentPostprocessing = 0;
		};
/* End PBXSourcesBuildPhase section */

/* Begin XCBuildConfiguration section */
		749223F81D49154C00FF2650 /* Debug */ = {
			isa = XCBuildConfiguration;
			buildSettings = {
				ALWAYS_SEARCH_USER_PATHS = NO;
				CLANG_ANALYZER_NONNULL = YES;
				CLANG_CXX_LANGUAGE_STANDARD = "gnu++0x";
				CLANG_CXX_LIBRARY = "libc++";
				CLANG_ENABLE_MODULES = YES;
				CLANG_ENABLE_OBJC_ARC = YES;
				CLANG_WARN_BOOL_CONVERSION = YES;
				CLANG_WARN_CONSTANT_CONVERSION = YES;
				CLANG_WARN_DIRECT_OBJC_ISA_USAGE = YES_ERROR;
				CLANG_WARN_EMPTY_BODY = YES;
				CLANG_WARN_ENUM_CONVERSION = YES;
				CLANG_WARN_INT_CONVERSION = YES;
				CLANG_WARN_OBJC_ROOT_CLASS = YES_ERROR;
				CLANG_WARN_UNREACHABLE_CODE = YES;
				CLANG_WARN__DUPLICATE_METHOD_MATCH = YES;
				CODE_SIGN_IDENTITY = "-";
				COPY_PHASE_STRIP = NO;
				DEBUG_INFORMATION_FORMAT = dwarf;
				ENABLE_STRICT_OBJC_MSGSEND = YES;
				ENABLE_TESTABILITY = YES;
				GCC_C_LANGUAGE_STANDARD = gnu99;
				GCC_DYNAMIC_NO_PIC = NO;
				GCC_NO_COMMON_BLOCKS = YES;
				GCC_OPTIMIZATION_LEVEL = 0;
				GCC_PREPROCESSOR_DEFINITIONS = (
					"DEBUG=1",
					"$(inherited)",
				);
				GCC_WARN_64_TO_32_BIT_CONVERSION = YES;
				GCC_WARN_ABOUT_RETURN_TYPE = YES_ERROR;
				GCC_WARN_UNDECLARED_SELECTOR = YES;
				GCC_WARN_UNINITIALIZED_AUTOS = YES_AGGRESSIVE;
				GCC_WARN_UNUSED_FUNCTION = YES;
				GCC_WARN_UNUSED_VARIABLE = YES;
				MACOSX_DEPLOYMENT_TARGET = 10.12;
				MTL_ENABLE_DEBUG_INFO = YES;
				ONLY_ACTIVE_ARCH = YES;
				SDKROOT = macosx;
			};
			name = Debug;
		};
		749223F91D49154C00FF2650 /* Release */ = {
			isa = XCBuildConfiguration;
			buildSettings = {
				ALWAYS_SEARCH_USER_PATHS = NO;
				CLANG_ANALYZER_NONNULL = YES;
				CLANG_CXX_LANGUAGE_STANDARD = "gnu++0x";
				CLANG_CXX_LIBRARY = "libc++";
				CLANG_ENABLE_MODULES = YES;
				CLANG_ENABLE_OBJC_ARC = YES;
				CLANG_WARN_BOOL_CONVERSION = YES;
				CLANG_WARN_CONSTANT_CONVERSION = YES;
				CLANG_WARN_DIRECT_OBJC_ISA_USAGE = YES_ERROR;
				CLANG_WARN_EMPTY_BODY = YES;
				CLANG_WARN_ENUM_CONVERSION = YES;
				CLANG_WARN_INT_CONVERSION = YES;
				CLANG_WARN_OBJC_ROOT_CLASS = YES_ERROR;
				CLANG_WARN_UNREACHABLE_CODE = YES;
				CLANG_WARN__DUPLICATE_METHOD_MATCH = YES;
				CODE_SIGN_IDENTITY = "-";
				COPY_PHASE_STRIP = NO;
				DEBUG_INFORMATION_FORMAT = "dwarf-with-dsym";
				ENABLE_NS_ASSERTIONS = NO;
				ENABLE_STRICT_OBJC_MSGSEND = YES;
				GCC_C_LANGUAGE_STANDARD = gnu99;
				GCC_NO_COMMON_BLOCKS = YES;
				GCC_WARN_64_TO_32_BIT_CONVERSION = YES;
				GCC_WARN_ABOUT_RETURN_TYPE = YES_ERROR;
				GCC_WARN_UNDECLARED_SELECTOR = YES;
				GCC_WARN_UNINITIALIZED_AUTOS = YES_AGGRESSIVE;
				GCC_WARN_UNUSED_FUNCTION = YES;
				GCC_WARN_UNUSED_VARIABLE = YES;
				MACOSX_DEPLOYMENT_TARGET = 10.12;
				MTL_ENABLE_DEBUG_INFO = NO;
				SDKROOT = macosx;
			};
			name = Release;
		};
		749223FB1D49154C00FF2650 /* Debug */ = {
			isa = XCBuildConfiguration;
			buildSettings = {
				PRODUCT_NAME = "$(TARGET_NAME)";
			};
			name = Debug;
		};
		749223FC1D49154C00FF2650 /* Release */ = {
			isa = XCBuildConfiguration;
			buildSettings = {
				PRODUCT_NAME = "$(TARGET_NAME)";
			};
			name = Release;
		};
/* End XCBuildConfiguration section */

/* Begin XCConfigurationList section */
		749223EE1D49154C00FF2650 /* Build configuration list for PBXProject "Datasnok" */ = {
			isa = XCConfigurationList;
			buildConfigurations = (
				749223F81D49154C00FF2650 /* Debug */,
				749223F91D49154C00FF2650 /* Release */,
			);
			defaultConfigurationIsVisible = 0;
			defaultConfigurationName = Release;
		};
		749223FA1D49154C00FF2650 /* Build configuration list for PBXNativeTarget "Datasnok" */ = {
			isa = XCConfigurationList;
			buildConfigurations = (
				749223FB1D49154C00FF2650 /* Debug */,
				749223FC1D49154C00FF2650 /* Release */,
			);
			defaultConfigurationIsVisible = 0;
		};
/* End XCConfigurationList section */
	};
	rootObject = 749223EB1D49154C00FF2650 /* Project object */;
}
