// !$*UTF8*$!
{
	archiveVersion = 1;
	classes = {
	};
	objectVersion = 46;
	objects = {

/* Begin PBXBuildFile section */
		7400BB6E1D3A963D00E4B7CB /* Day19Interfaces.swift in Sources */ = {isa = PBXBuildFile; fileRef = 7400BB6D1D3A963D00E4B7CB /* Day19Interfaces.swift */; };
		740F85601D39198A00367E91 /* Day18QueuesAndStacks.swift in Sources */ = {isa = PBXBuildFile; fileRef = 740F855F1D39198A00367E91 /* Day18QueuesAndStacks.swift */; };
		742B0EA01D240395004ED1CD /* Day2Operators.swift in Sources */ = {isa = PBXBuildFile; fileRef = 742B0E9F1D240395004ED1CD /* Day2Operators.swift */; };
		742B0EA21D256E87004ED1CD /* Day3IntroToConditionalStatements.swift in Sources */ = {isa = PBXBuildFile; fileRef = 742B0EA11D256E87004ED1CD /* Day3IntroToConditionalStatements.swift */; };
		742B0EA41D258ECB004ED1CD /* DivisibleSumPairs.swift in Sources */ = {isa = PBXBuildFile; fileRef = 742B0EA31D258ECB004ED1CD /* DivisibleSumPairs.swift */; };
		7435144A1D2EBE14004B2F12 /* Day10BinaryNumbers.swift in Sources */ = {isa = PBXBuildFile; fileRef = 743514491D2EBE14004B2F12 /* Day10BinaryNumbers.swift */; };
		7435144C1D2F0752004B2F12 /* MinimumDistances.swift in Sources */ = {isa = PBXBuildFile; fileRef = 7435144B1D2F0752004B2F12 /* MinimumDistances.swift */; };
		7435144F1D2F3D54004B2F12 /* IntroToTutorialChallenges.swift in Sources */ = {isa = PBXBuildFile; fileRef = 7435144E1D2F3D54004B2F12 /* IntroToTutorialChallenges.swift */; };
		743514521D2F4148004B2F12 /* SynchronousShopping.swift in Sources */ = {isa = PBXBuildFile; fileRef = 743514511D2F4148004B2F12 /* SynchronousShopping.swift */; };
		743514541D2FDF59004B2F12 /* Day112DArrays.swift in Sources */ = {isa = PBXBuildFile; fileRef = 743514531D2FDF59004B2F12 /* Day112DArrays.swift */; };
		743514571D301661004B2F12 /* TheMaximumSubarray.swift in Sources */ = {isa = PBXBuildFile; fileRef = 743514561D301661004B2F12 /* TheMaximumSubarray.swift */; };
		74747A9B1D31A78A00938968 /* Day12Inheritance.swift in Sources */ = {isa = PBXBuildFile; fileRef = 74747A9A1D31A78A00938968 /* Day12Inheritance.swift */; };
		74747A9D1D31EF9D00938968 /* InsertionSortPart1.swift in Sources */ = {isa = PBXBuildFile; fileRef = 74747A9C1D31EF9D00938968 /* InsertionSortPart1.swift */; };
		74747A9F1D31FA8700938968 /* InsertionSortPart2.swift in Sources */ = {isa = PBXBuildFile; fileRef = 74747A9E1D31FA8700938968 /* InsertionSortPart2.swift */; };
		74747AA11D3230A600938968 /* SnakesAndLaddersTheQuickestWayUp.swift in Sources */ = {isa = PBXBuildFile; fileRef = 74747AA01D3230A600938968 /* SnakesAndLaddersTheQuickestWayUp.swift */; };
		7481B2C61D3E6E5A00D1F688 /* Day22BinarySearchTrees.swift in Sources */ = {isa = PBXBuildFile; fileRef = 7481B2C51D3E6E5A00D1F688 /* Day22BinarySearchTrees.swift */; };
		7497CAA11D3C5BE20030F1A5 /* Day20Sorting.swift in Sources */ = {isa = PBXBuildFile; fileRef = 7497CAA01D3C5BE20030F1A5 /* Day20Sorting.swift */; };
		7497CAA31D3D14B70030F1A5 /* Day21Generics.swift in Sources */ = {isa = PBXBuildFile; fileRef = 7497CAA21D3D14B70030F1A5 /* Day21Generics.swift */; };
		749A8AB91D2235B7001FA3A2 /* main.swift in Sources */ = {isa = PBXBuildFile; fileRef = 749A8AB81D2235B7001FA3A2 /* main.swift */; };
		749A8AC01D223639001FA3A2 /* SolveMeFirst.swift in Sources */ = {isa = PBXBuildFile; fileRef = 749A8ABF1D223639001FA3A2 /* SolveMeFirst.swift */; };
		749A8AC41D2238D2001FA3A2 /* SimpleArraySum.swift in Sources */ = {isa = PBXBuildFile; fileRef = 749A8AC31D2238D2001FA3A2 /* SimpleArraySum.swift */; };
		749A8AC61D223A06001FA3A2 /* AVeryBigSum.swift in Sources */ = {isa = PBXBuildFile; fileRef = 749A8AC51D223A06001FA3A2 /* AVeryBigSum.swift */; };
		749A8AC81D223ABE001FA3A2 /* DiagonalDifference.swift in Sources */ = {isa = PBXBuildFile; fileRef = 749A8AC71D223ABE001FA3A2 /* DiagonalDifference.swift */; };
		749A8ACA1D223BE5001FA3A2 /* PlusMinus.swift in Sources */ = {isa = PBXBuildFile; fileRef = 749A8AC91D223BE5001FA3A2 /* PlusMinus.swift */; };
		749A8ACC1D223F70001FA3A2 /* Staircase.swift in Sources */ = {isa = PBXBuildFile; fileRef = 749A8ACB1D223F70001FA3A2 /* Staircase.swift */; };
		749A8ACE1D224411001FA3A2 /* TimeConversion.swift in Sources */ = {isa = PBXBuildFile; fileRef = 749A8ACD1D224411001FA3A2 /* TimeConversion.swift */; };
		749A8AD31D225674001FA3A2 /* AngryProfessor.swift in Sources */ = {isa = PBXBuildFile; fileRef = 749A8AD21D225674001FA3A2 /* AngryProfessor.swift */; };
		749A8AD61D22B873001FA3A2 /* Day0HelloWorld.swift in Sources */ = {isa = PBXBuildFile; fileRef = 749A8AD51D22B873001FA3A2 /* Day0HelloWorld.swift */; };
		749A8AD81D22BB77001FA3A2 /* Day1DataTypes.swift in Sources */ = {isa = PBXBuildFile; fileRef = 749A8AD71D22BB77001FA3A2 /* Day1DataTypes.swift */; };
		74B3640C1D32F8E9008776FF /* Day13AbstractClasses.swift in Sources */ = {isa = PBXBuildFile; fileRef = 74B3640B1D32F8E9008776FF /* Day13AbstractClasses.swift */; };
		74B3640E1D33DAFC008776FF /* Day14Scope.swift in Sources */ = {isa = PBXBuildFile; fileRef = 74B3640D1D33DAFC008776FF /* Day14Scope.swift */; };
		74B364151D344D52008776FF /* SherlockAndArray.swift in Sources */ = {isa = PBXBuildFile; fileRef = 74B364141D344D52008776FF /* SherlockAndArray.swift */; };
		74B364171D355C87008776FF /* Day15LinkedList.swift in Sources */ = {isa = PBXBuildFile; fileRef = 74B364161D355C87008776FF /* Day15LinkedList.swift */; };
		74BD09A91D36785800515F7F /* Day16ExceptionsStringToInteger.swift in Sources */ = {isa = PBXBuildFile; fileRef = 74BD09A81D36785800515F7F /* Day16ExceptionsStringToInteger.swift */; };
		74BD09AB1D37D31E00515F7F /* Day17MoreExceptions.swift in Sources */ = {isa = PBXBuildFile; fileRef = 74BD09AA1D37D31E00515F7F /* Day17MoreExceptions.swift */; };
		74BE400F1D2326E000D7963D /* SherlockAndTheBeast.swift in Sources */ = {isa = PBXBuildFile; fileRef = 74BE400E1D2326E000D7963D /* SherlockAndTheBeast.swift */; };
		74E254871D26AC08003F8CDA /* Day4ClassVsInstance.swift in Sources */ = {isa = PBXBuildFile; fileRef = 74E254861D26AC08003F8CDA /* Day4ClassVsInstance.swift */; };
		74E254891D284B5A003F8CDA /* Day5Loops.swift in Sources */ = {isa = PBXBuildFile; fileRef = 74E254881D284B5A003F8CDA /* Day5Loops.swift */; };
		74E2548B1D2978E6003F8CDA /* Day6LetsReview.swift in Sources */ = {isa = PBXBuildFile; fileRef = 74E2548A1D2978E6003F8CDA /* Day6LetsReview.swift */; };
		74E2548D1D2A9794003F8CDA /* Day7Arrays.swift in Sources */ = {isa = PBXBuildFile; fileRef = 74E2548C1D2A9794003F8CDA /* Day7Arrays.swift */; };
		74E254911D2C319C003F8CDA /* Day8DictionariesAndMaps.swift in Sources */ = {isa = PBXBuildFile; fileRef = 74E254901D2C319C003F8CDA /* Day8DictionariesAndMaps.swift */; };
		74E254931D2D4CDB003F8CDA /* Day9Recursion.swift in Sources */ = {isa = PBXBuildFile; fileRef = 74E254921D2D4CDB003F8CDA /* Day9Recursion.swift */; };
		74E254991D2DBC46003F8CDA /* SuperReducedString.swift in Sources */ = {isa = PBXBuildFile; fileRef = 74E254981D2DBC46003F8CDA /* SuperReducedString.swift */; };
/* End PBXBuildFile section */

/* Begin PBXCopyFilesBuildPhase section */
		749A8AB31D2235B7001FA3A2 /* CopyFiles */ = {
			isa = PBXCopyFilesBuildPhase;
			buildActionMask = 2147483647;
			dstPath = /usr/share/man/man1/;
			dstSubfolderSpec = 0;
			files = (
			);
			runOnlyForDeploymentPostprocessing = 1;
		};
/* End PBXCopyFilesBuildPhase section */

/* Begin PBXFileReference section */
		7400BB6D1D3A963D00E4B7CB /* Day19Interfaces.swift */ = {isa = PBXFileReference; fileEncoding = 4; lastKnownFileType = sourcecode.swift; path = Day19Interfaces.swift; sourceTree = "<group>"; };
		740F855F1D39198A00367E91 /* Day18QueuesAndStacks.swift */ = {isa = PBXFileReference; fileEncoding = 4; lastKnownFileType = sourcecode.swift; path = Day18QueuesAndStacks.swift; sourceTree = "<group>"; };
		742B0E9F1D240395004ED1CD /* Day2Operators.swift */ = {isa = PBXFileReference; fileEncoding = 4; lastKnownFileType = sourcecode.swift; path = Day2Operators.swift; sourceTree = "<group>"; };
		742B0EA11D256E87004ED1CD /* Day3IntroToConditionalStatements.swift */ = {isa = PBXFileReference; fileEncoding = 4; lastKnownFileType = sourcecode.swift; path = Day3IntroToConditionalStatements.swift; sourceTree = "<group>"; };
		742B0EA31D258ECB004ED1CD /* DivisibleSumPairs.swift */ = {isa = PBXFileReference; fileEncoding = 4; lastKnownFileType = sourcecode.swift; path = DivisibleSumPairs.swift; sourceTree = "<group>"; };
		743514491D2EBE14004B2F12 /* Day10BinaryNumbers.swift */ = {isa = PBXFileReference; fileEncoding = 4; lastKnownFileType = sourcecode.swift; path = Day10BinaryNumbers.swift; sourceTree = "<group>"; };
		7435144B1D2F0752004B2F12 /* MinimumDistances.swift */ = {isa = PBXFileReference; fileEncoding = 4; lastKnownFileType = sourcecode.swift; path = MinimumDistances.swift; sourceTree = "<group>"; };
		7435144E1D2F3D54004B2F12 /* IntroToTutorialChallenges.swift */ = {isa = PBXFileReference; fileEncoding = 4; lastKnownFileType = sourcecode.swift; path = IntroToTutorialChallenges.swift; sourceTree = "<group>"; };
		743514511D2F4148004B2F12 /* SynchronousShopping.swift */ = {isa = PBXFileReference; fileEncoding = 4; lastKnownFileType = sourcecode.swift; path = SynchronousShopping.swift; sourceTree = "<group>"; };
		743514531D2FDF59004B2F12 /* Day112DArrays.swift */ = {isa = PBXFileReference; fileEncoding = 4; lastKnownFileType = sourcecode.swift; path = Day112DArrays.swift; sourceTree = "<group>"; };
		743514561D301661004B2F12 /* TheMaximumSubarray.swift */ = {isa = PBXFileReference; fileEncoding = 4; lastKnownFileType = sourcecode.swift; path = TheMaximumSubarray.swift; sourceTree = "<group>"; };
		74747A9A1D31A78A00938968 /* Day12Inheritance.swift */ = {isa = PBXFileReference; fileEncoding = 4; lastKnownFileType = sourcecode.swift; path = Day12Inheritance.swift; sourceTree = "<group>"; };
		74747A9C1D31EF9D00938968 /* InsertionSortPart1.swift */ = {isa = PBXFileReference; fileEncoding = 4; lastKnownFileType = sourcecode.swift; path = InsertionSortPart1.swift; sourceTree = "<group>"; };
		74747A9E1D31FA8700938968 /* InsertionSortPart2.swift */ = {isa = PBXFileReference; fileEncoding = 4; lastKnownFileType = sourcecode.swift; path = InsertionSortPart2.swift; sourceTree = "<group>"; };
		74747AA01D3230A600938968 /* SnakesAndLaddersTheQuickestWayUp.swift */ = {isa = PBXFileReference; fileEncoding = 4; lastKnownFileType = sourcecode.swift; path = SnakesAndLaddersTheQuickestWayUp.swift; sourceTree = "<group>"; };
		7481B2C51D3E6E5A00D1F688 /* Day22BinarySearchTrees.swift */ = {isa = PBXFileReference; fileEncoding = 4; lastKnownFileType = sourcecode.swift; path = Day22BinarySearchTrees.swift; sourceTree = "<group>"; };
		7497CAA01D3C5BE20030F1A5 /* Day20Sorting.swift */ = {isa = PBXFileReference; fileEncoding = 4; lastKnownFileType = sourcecode.swift; path = Day20Sorting.swift; sourceTree = "<group>"; };
		7497CAA21D3D14B70030F1A5 /* Day21Generics.swift */ = {isa = PBXFileReference; fileEncoding = 4; lastKnownFileType = sourcecode.swift; path = Day21Generics.swift; sourceTree = "<group>"; };
		749A8AB51D2235B7001FA3A2 /* HackerRank */ = {isa = PBXFileReference; explicitFileType = "compiled.mach-o.executable"; includeInIndex = 0; path = HackerRank; sourceTree = BUILT_PRODUCTS_DIR; };
		749A8AB81D2235B7001FA3A2 /* main.swift */ = {isa = PBXFileReference; lastKnownFileType = sourcecode.swift; path = main.swift; sourceTree = "<group>"; };
		749A8ABF1D223639001FA3A2 /* SolveMeFirst.swift */ = {isa = PBXFileReference; fileEncoding = 4; lastKnownFileType = sourcecode.swift; path = SolveMeFirst.swift; sourceTree = "<group>"; };
		749A8AC31D2238D2001FA3A2 /* SimpleArraySum.swift */ = {isa = PBXFileReference; fileEncoding = 4; lastKnownFileType = sourcecode.swift; path = SimpleArraySum.swift; sourceTree = "<group>"; };
		749A8AC51D223A06001FA3A2 /* AVeryBigSum.swift */ = {isa = PBXFileReference; fileEncoding = 4; lastKnownFileType = sourcecode.swift; path = AVeryBigSum.swift; sourceTree = "<group>"; };
		749A8AC71D223ABE001FA3A2 /* DiagonalDifference.swift */ = {isa = PBXFileReference; fileEncoding = 4; lastKnownFileType = sourcecode.swift; path = DiagonalDifference.swift; sourceTree = "<group>"; };
		749A8AC91D223BE5001FA3A2 /* PlusMinus.swift */ = {isa = PBXFileReference; fileEncoding = 4; lastKnownFileType = sourcecode.swift; path = PlusMinus.swift; sourceTree = "<group>"; };
		749A8ACB1D223F70001FA3A2 /* Staircase.swift */ = {isa = PBXFileReference; fileEncoding = 4; lastKnownFileType = sourcecode.swift; path = Staircase.swift; sourceTree = "<group>"; };
		749A8ACD1D224411001FA3A2 /* TimeConversion.swift */ = {isa = PBXFileReference; fileEncoding = 4; lastKnownFileType = sourcecode.swift; path = TimeConversion.swift; sourceTree = "<group>"; };
		749A8AD01D224624001FA3A2 /* MyPlayground.playground */ = {isa = PBXFileReference; lastKnownFileType = file.playground; name = MyPlayground.playground; path = HackerRank/MyPlayground.playground; sourceTree = "<group>"; };
		749A8AD21D225674001FA3A2 /* AngryProfessor.swift */ = {isa = PBXFileReference; fileEncoding = 4; lastKnownFileType = sourcecode.swift; path = AngryProfessor.swift; sourceTree = "<group>"; };
		749A8AD51D22B873001FA3A2 /* Day0HelloWorld.swift */ = {isa = PBXFileReference; fileEncoding = 4; lastKnownFileType = sourcecode.swift; path = Day0HelloWorld.swift; sourceTree = "<group>"; };
		749A8AD71D22BB77001FA3A2 /* Day1DataTypes.swift */ = {isa = PBXFileReference; fileEncoding = 4; lastKnownFileType = sourcecode.swift; path = Day1DataTypes.swift; sourceTree = "<group>"; };
		74B3640B1D32F8E9008776FF /* Day13AbstractClasses.swift */ = {isa = PBXFileReference; fileEncoding = 4; lastKnownFileType = sourcecode.swift; path = Day13AbstractClasses.swift; sourceTree = "<group>"; };
		74B3640D1D33DAFC008776FF /* Day14Scope.swift */ = {isa = PBXFileReference; fileEncoding = 4; lastKnownFileType = sourcecode.swift; path = Day14Scope.swift; sourceTree = "<group>"; };
		74B364141D344D52008776FF /* SherlockAndArray.swift */ = {isa = PBXFileReference; fileEncoding = 4; lastKnownFileType = sourcecode.swift; path = SherlockAndArray.swift; sourceTree = "<group>"; };
		74B364161D355C87008776FF /* Day15LinkedList.swift */ = {isa = PBXFileReference; fileEncoding = 4; lastKnownFileType = sourcecode.swift; path = Day15LinkedList.swift; sourceTree = "<group>"; };
		74BD09A81D36785800515F7F /* Day16ExceptionsStringToInteger.swift */ = {isa = PBXFileReference; fileEncoding = 4; lastKnownFileType = sourcecode.swift; path = Day16ExceptionsStringToInteger.swift; sourceTree = "<group>"; };
		74BD09AA1D37D31E00515F7F /* Day17MoreExceptions.swift */ = {isa = PBXFileReference; fileEncoding = 4; lastKnownFileType = sourcecode.swift; path = Day17MoreExceptions.swift; sourceTree = "<group>"; };
		74BE400E1D2326E000D7963D /* SherlockAndTheBeast.swift */ = {isa = PBXFileReference; fileEncoding = 4; lastKnownFileType = sourcecode.swift; path = SherlockAndTheBeast.swift; sourceTree = "<group>"; };
		74E254861D26AC08003F8CDA /* Day4ClassVsInstance.swift */ = {isa = PBXFileReference; fileEncoding = 4; lastKnownFileType = sourcecode.swift; path = Day4ClassVsInstance.swift; sourceTree = "<group>"; };
		74E254881D284B5A003F8CDA /* Day5Loops.swift */ = {isa = PBXFileReference; fileEncoding = 4; lastKnownFileType = sourcecode.swift; path = Day5Loops.swift; sourceTree = "<group>"; };
		74E2548A1D2978E6003F8CDA /* Day6LetsReview.swift */ = {isa = PBXFileReference; fileEncoding = 4; lastKnownFileType = sourcecode.swift; path = Day6LetsReview.swift; sourceTree = "<group>"; };
		74E2548C1D2A9794003F8CDA /* Day7Arrays.swift */ = {isa = PBXFileReference; fileEncoding = 4; lastKnownFileType = sourcecode.swift; path = Day7Arrays.swift; sourceTree = "<group>"; };
		74E254901D2C319C003F8CDA /* Day8DictionariesAndMaps.swift */ = {isa = PBXFileReference; fileEncoding = 4; lastKnownFileType = sourcecode.swift; path = Day8DictionariesAndMaps.swift; sourceTree = "<group>"; };
		74E254921D2D4CDB003F8CDA /* Day9Recursion.swift */ = {isa = PBXFileReference; fileEncoding = 4; lastKnownFileType = sourcecode.swift; path = Day9Recursion.swift; sourceTree = "<group>"; };
		74E254981D2DBC46003F8CDA /* SuperReducedString.swift */ = {isa = PBXFileReference; fileEncoding = 4; lastKnownFileType = sourcecode.swift; path = SuperReducedString.swift; sourceTree = "<group>"; };
/* End PBXFileReference section */

/* Begin PBXFrameworksBuildPhase section */
		749A8AB21D2235B7001FA3A2 /* Frameworks */ = {
			isa = PBXFrameworksBuildPhase;
			buildActionMask = 2147483647;
			files = (
			);
			runOnlyForDeploymentPostprocessing = 0;
		};
/* End PBXFrameworksBuildPhase section */

/* Begin PBXGroup section */
		7435144D1D2F3D2F004B2F12 /* Sorting */ = {
			isa = PBXGroup;
			children = (
				7435144E1D2F3D54004B2F12 /* IntroToTutorialChallenges.swift */,
				74747A9C1D31EF9D00938968 /* InsertionSortPart1.swift */,
				74747A9E1D31FA8700938968 /* InsertionSortPart2.swift */,
			);
			path = Sorting;
			sourceTree = "<group>";
		};
		743514501D2F411D004B2F12 /* Graph theory */ = {
			isa = PBXGroup;
			children = (
				743514511D2F4148004B2F12 /* SynchronousShopping.swift */,
				74747AA01D3230A600938968 /* SnakesAndLaddersTheQuickestWayUp.swift */,
			);
			path = "Graph theory";
			sourceTree = "<group>";
		};
		743514551D301602004B2F12 /* Dynamic programming */ = {
			isa = PBXGroup;
			children = (
				743514561D301661004B2F12 /* TheMaximumSubarray.swift */,
			);
			path = "Dynamic programming";
			sourceTree = "<group>";
		};
		749A8AAC1D2235B7001FA3A2 = {
			isa = PBXGroup;
			children = (
				749A8AD01D224624001FA3A2 /* MyPlayground.playground */,
				749A8AB71D2235B7001FA3A2 /* HackerRank */,
				749A8AB61D2235B7001FA3A2 /* Products */,
			);
			sourceTree = "<group>";
		};
		749A8AB61D2235B7001FA3A2 /* Products */ = {
			isa = PBXGroup;
			children = (
				749A8AB51D2235B7001FA3A2 /* HackerRank */,
			);
			name = Products;
			sourceTree = "<group>";
		};
		749A8AB71D2235B7001FA3A2 /* HackerRank */ = {
			isa = PBXGroup;
			children = (
				74E254941D2DBBBE003F8CDA /* Algorithms */,
				749A8AD41D22B81F001FA3A2 /* 30DaysOfCode */,
				749A8AB81D2235B7001FA3A2 /* main.swift */,
			);
			path = HackerRank;
			sourceTree = "<group>";
		};
		749A8ACF1D224416001FA3A2 /* Warmup */ = {
			isa = PBXGroup;
			children = (
				749A8ABF1D223639001FA3A2 /* SolveMeFirst.swift */,
				749A8AC31D2238D2001FA3A2 /* SimpleArraySum.swift */,
				749A8AC51D223A06001FA3A2 /* AVeryBigSum.swift */,
				749A8AC71D223ABE001FA3A2 /* DiagonalDifference.swift */,
				749A8AC91D223BE5001FA3A2 /* PlusMinus.swift */,
				749A8ACB1D223F70001FA3A2 /* Staircase.swift */,
				749A8ACD1D224411001FA3A2 /* TimeConversion.swift */,
			);
			path = Warmup;
			sourceTree = "<group>";
		};
		749A8AD11D22564F001FA3A2 /* Implementation */ = {
			isa = PBXGroup;
			children = (
				742B0EA31D258ECB004ED1CD /* DivisibleSumPairs.swift */,
				749A8AD21D225674001FA3A2 /* AngryProfessor.swift */,
				74BE400E1D2326E000D7963D /* SherlockAndTheBeast.swift */,
				7435144B1D2F0752004B2F12 /* MinimumDistances.swift */,
			);
			path = Implementation;
			sourceTree = "<group>";
		};
		749A8AD41D22B81F001FA3A2 /* 30DaysOfCode */ = {
			isa = PBXGroup;
			children = (
				749A8AD51D22B873001FA3A2 /* Day0HelloWorld.swift */,
				749A8AD71D22BB77001FA3A2 /* Day1DataTypes.swift */,
				742B0E9F1D240395004ED1CD /* Day2Operators.swift */,
				742B0EA11D256E87004ED1CD /* Day3IntroToConditionalStatements.swift */,
				74E254861D26AC08003F8CDA /* Day4ClassVsInstance.swift */,
				74E254881D284B5A003F8CDA /* Day5Loops.swift */,
				74E2548A1D2978E6003F8CDA /* Day6LetsReview.swift */,
				74E2548C1D2A9794003F8CDA /* Day7Arrays.swift */,
				74E254901D2C319C003F8CDA /* Day8DictionariesAndMaps.swift */,
				74E254921D2D4CDB003F8CDA /* Day9Recursion.swift */,
				743514491D2EBE14004B2F12 /* Day10BinaryNumbers.swift */,
				743514531D2FDF59004B2F12 /* Day112DArrays.swift */,
				74747A9A1D31A78A00938968 /* Day12Inheritance.swift */,
				74B3640B1D32F8E9008776FF /* Day13AbstractClasses.swift */,
				74B3640D1D33DAFC008776FF /* Day14Scope.swift */,
				74B364161D355C87008776FF /* Day15LinkedList.swift */,
				74BD09A81D36785800515F7F /* Day16ExceptionsStringToInteger.swift */,
				74BD09AA1D37D31E00515F7F /* Day17MoreExceptions.swift */,
				740F855F1D39198A00367E91 /* Day18QueuesAndStacks.swift */,
				7400BB6D1D3A963D00E4B7CB /* Day19Interfaces.swift */,
				7497CAA01D3C5BE20030F1A5 /* Day20Sorting.swift */,
				7497CAA21D3D14B70030F1A5 /* Day21Generics.swift */,
				7481B2C51D3E6E5A00D1F688 /* Day22BinarySearchTrees.swift */,
			);
			path = 30DaysOfCode;
			sourceTree = "<group>";
		};
		74B364111D344D0D008776FF /* Search */ = {
			isa = PBXGroup;
			children = (
				74B364141D344D52008776FF /* SherlockAndArray.swift */,
			);
			path = Search;
			sourceTree = "<group>";
		};
		74E254941D2DBBBE003F8CDA /* Algorithms */ = {
			isa = PBXGroup;
			children = (
				749A8ACF1D224416001FA3A2 /* Warmup */,
				749A8AD11D22564F001FA3A2 /* Implementation */,
				74E254951D2DBBF3003F8CDA /* Strings */,
				7435144D1D2F3D2F004B2F12 /* Sorting */,
				74B364111D344D0D008776FF /* Search */,
				743514501D2F411D004B2F12 /* Graph theory */,
				743514551D301602004B2F12 /* Dynamic programming */,
			);
			path = Algorithms;
			sourceTree = "<group>";
		};
		74E254951D2DBBF3003F8CDA /* Strings */ = {
			isa = PBXGroup;
			children = (
				74E254981D2DBC46003F8CDA /* SuperReducedString.swift */,
			);
			path = Strings;
			sourceTree = "<group>";
		};
/* End PBXGroup section */

/* Begin PBXNativeTarget section */
		749A8AB41D2235B7001FA3A2 /* HackerRank */ = {
			isa = PBXNativeTarget;
			buildConfigurationList = 749A8ABC1D2235B7001FA3A2 /* Build configuration list for PBXNativeTarget "HackerRank" */;
			buildPhases = (
				749A8AB11D2235B7001FA3A2 /* Sources */,
				749A8AB21D2235B7001FA3A2 /* Frameworks */,
				749A8AB31D2235B7001FA3A2 /* CopyFiles */,
			);
			buildRules = (
			);
			dependencies = (
			);
			name = HackerRank;
			productName = HackerRank;
			productReference = 749A8AB51D2235B7001FA3A2 /* HackerRank */;
			productType = "com.apple.product-type.tool";
		};
/* End PBXNativeTarget section */

/* Begin PBXProject section */
		749A8AAD1D2235B7001FA3A2 /* Project object */ = {
			isa = PBXProject;
			attributes = {
				LastSwiftUpdateCheck = 0730;
				LastUpgradeCheck = 0730;
				ORGANIZATIONNAME = "Vladimir Urbano";
				TargetAttributes = {
					749A8AB41D2235B7001FA3A2 = {
						CreatedOnToolsVersion = 7.3.1;
					};
				};
			};
			buildConfigurationList = 749A8AB01D2235B7001FA3A2 /* Build configuration list for PBXProject "HackerRank" */;
			compatibilityVersion = "Xcode 3.2";
			developmentRegion = English;
			hasScannedForEncodings = 0;
			knownRegions = (
				en,
			);
			mainGroup = 749A8AAC1D2235B7001FA3A2;
			productRefGroup = 749A8AB61D2235B7001FA3A2 /* Products */;
			projectDirPath = "";
			projectRoot = "";
			targets = (
				749A8AB41D2235B7001FA3A2 /* HackerRank */,
			);
		};
/* End PBXProject section */

/* Begin PBXSourcesBuildPhase section */
		749A8AB11D2235B7001FA3A2 /* Sources */ = {
			isa = PBXSourcesBuildPhase;
			buildActionMask = 2147483647;
			files = (
				749A8AC81D223ABE001FA3A2 /* DiagonalDifference.swift in Sources */,
				743514541D2FDF59004B2F12 /* Day112DArrays.swift in Sources */,
				74B3640E1D33DAFC008776FF /* Day14Scope.swift in Sources */,
				749A8AD61D22B873001FA3A2 /* Day0HelloWorld.swift in Sources */,
				74E254891D284B5A003F8CDA /* Day5Loops.swift in Sources */,
				749A8AC01D223639001FA3A2 /* SolveMeFirst.swift in Sources */,
				74BE400F1D2326E000D7963D /* SherlockAndTheBeast.swift in Sources */,
				74B364171D355C87008776FF /* Day15LinkedList.swift in Sources */,
				749A8AD31D225674001FA3A2 /* AngryProfessor.swift in Sources */,
				749A8ACA1D223BE5001FA3A2 /* PlusMinus.swift in Sources */,
				749A8AC41D2238D2001FA3A2 /* SimpleArraySum.swift in Sources */,
				749A8ACE1D224411001FA3A2 /* TimeConversion.swift in Sources */,
				74747A9D1D31EF9D00938968 /* InsertionSortPart1.swift in Sources */,
				749A8AD81D22BB77001FA3A2 /* Day1DataTypes.swift in Sources */,
				7481B2C61D3E6E5A00D1F688 /* Day22BinarySearchTrees.swift in Sources */,
				742B0EA41D258ECB004ED1CD /* DivisibleSumPairs.swift in Sources */,
				74E254931D2D4CDB003F8CDA /* Day9Recursion.swift in Sources */,
				74E254871D26AC08003F8CDA /* Day4ClassVsInstance.swift in Sources */,
				749A8ACC1D223F70001FA3A2 /* Staircase.swift in Sources */,
				74E2548B1D2978E6003F8CDA /* Day6LetsReview.swift in Sources */,
				74747A9B1D31A78A00938968 /* Day12Inheritance.swift in Sources */,
				743514571D301661004B2F12 /* TheMaximumSubarray.swift in Sources */,
				740F85601D39198A00367E91 /* Day18QueuesAndStacks.swift in Sources */,
				743514521D2F4148004B2F12 /* SynchronousShopping.swift in Sources */,
				742B0EA01D240395004ED1CD /* Day2Operators.swift in Sources */,
				742B0EA21D256E87004ED1CD /* Day3IntroToConditionalStatements.swift in Sources */,
				74BD09A91D36785800515F7F /* Day16ExceptionsStringToInteger.swift in Sources */,
				74E254991D2DBC46003F8CDA /* SuperReducedString.swift in Sources */,
				7435144F1D2F3D54004B2F12 /* IntroToTutorialChallenges.swift in Sources */,
				7400BB6E1D3A963D00E4B7CB /* Day19Interfaces.swift in Sources */,
				74747AA11D3230A600938968 /* SnakesAndLaddersTheQuickestWayUp.swift in Sources */,
				74747A9F1D31FA8700938968 /* InsertionSortPart2.swift in Sources */,
				74BD09AB1D37D31E00515F7F /* Day17MoreExceptions.swift in Sources */,
				74E254911D2C319C003F8CDA /* Day8DictionariesAndMaps.swift in Sources */,
				7435144C1D2F0752004B2F12 /* MinimumDistances.swift in Sources */,
				74E2548D1D2A9794003F8CDA /* Day7Arrays.swift in Sources */,
				749A8AC61D223A06001FA3A2 /* AVeryBigSum.swift in Sources */,
				749A8AB91D2235B7001FA3A2 /* main.swift in Sources */,
				74B3640C1D32F8E9008776FF /* Day13AbstractClasses.swift in Sources */,
				7497CAA11D3C5BE20030F1A5 /* Day20Sorting.swift in Sources */,
				7497CAA31D3D14B70030F1A5 /* Day21Generics.swift in Sources */,
				7435144A1D2EBE14004B2F12 /* Day10BinaryNumbers.swift in Sources */,
				74B364151D344D52008776FF /* SherlockAndArray.swift in Sources */,
			);
			runOnlyForDeploymentPostprocessing = 0;
		};
/* End PBXSourcesBuildPhase section */

/* Begin XCBuildConfiguration section */
		749A8ABA1D2235B7001FA3A2 /* Debug */ = {
			isa = XCBuildConfiguration;
			buildSettings = {
				ALWAYS_SEARCH_USER_PATHS = NO;
				CLANG_ANALYZER_NONNULL = YES;
				CLANG_CXX_LANGUAGE_STANDARD = "gnu++0x";
				CLANG_CXX_LIBRARY = "libc++";
				CLANG_ENABLE_MODULES = YES;
				CLANG_ENABLE_OBJC_ARC = YES;
				CLANG_WARN_BOOL_CONVERSION = YES;
				CLANG_WARN_CONSTANT_CONVERSION = YES;
				CLANG_WARN_DIRECT_OBJC_ISA_USAGE = YES_ERROR;
				CLANG_WARN_EMPTY_BODY = YES;
				CLANG_WARN_ENUM_CONVERSION = YES;
				CLANG_WARN_INT_CONVERSION = YES;
				CLANG_WARN_OBJC_ROOT_CLASS = YES_ERROR;
				CLANG_WARN_UNREACHABLE_CODE = YES;
				CLANG_WARN__DUPLICATE_METHOD_MATCH = YES;
				CODE_SIGN_IDENTITY = "-";
				COPY_PHASE_STRIP = NO;
				DEBUG_INFORMATION_FORMAT = dwarf;
				ENABLE_STRICT_OBJC_MSGSEND = YES;
				ENABLE_TESTABILITY = YES;
				GCC_C_LANGUAGE_STANDARD = gnu99;
				GCC_DYNAMIC_NO_PIC = NO;
				GCC_NO_COMMON_BLOCKS = YES;
				GCC_OPTIMIZATION_LEVEL = 0;
				GCC_PREPROCESSOR_DEFINITIONS = (
					"DEBUG=1",
					"$(inherited)",
				);
				GCC_WARN_64_TO_32_BIT_CONVERSION = YES;
				GCC_WARN_ABOUT_RETURN_TYPE = YES_ERROR;
				GCC_WARN_UNDECLARED_SELECTOR = YES;
				GCC_WARN_UNINITIALIZED_AUTOS = YES_AGGRESSIVE;
				GCC_WARN_UNUSED_FUNCTION = YES;
				GCC_WARN_UNUSED_VARIABLE = YES;
				MACOSX_DEPLOYMENT_TARGET = 10.12;
				MTL_ENABLE_DEBUG_INFO = YES;
				ONLY_ACTIVE_ARCH = YES;
				SDKROOT = macosx;
				SWIFT_OPTIMIZATION_LEVEL = "-Onone";
			};
			name = Debug;
		};
		749A8ABB1D2235B7001FA3A2 /* Release */ = {
			isa = XCBuildConfiguration;
			buildSettings = {
				ALWAYS_SEARCH_USER_PATHS = NO;
				CLANG_ANALYZER_NONNULL = YES;
				CLANG_CXX_LANGUAGE_STANDARD = "gnu++0x";
				CLANG_CXX_LIBRARY = "libc++";
				CLANG_ENABLE_MODULES = YES;
				CLANG_ENABLE_OBJC_ARC = YES;
				CLANG_WARN_BOOL_CONVERSION = YES;
				CLANG_WARN_CONSTANT_CONVERSION = YES;
				CLANG_WARN_DIRECT_OBJC_ISA_USAGE = YES_ERROR;
				CLANG_WARN_EMPTY_BODY = YES;
				CLANG_WARN_ENUM_CONVERSION = YES;
				CLANG_WARN_INT_CONVERSION = YES;
				CLANG_WARN_OBJC_ROOT_CLASS = YES_ERROR;
				CLANG_WARN_UNREACHABLE_CODE = YES;
				CLANG_WARN__DUPLICATE_METHOD_MATCH = YES;
				CODE_SIGN_IDENTITY = "-";
				COPY_PHASE_STRIP = NO;
				DEBUG_INFORMATION_FORMAT = "dwarf-with-dsym";
				ENABLE_NS_ASSERTIONS = NO;
				ENABLE_STRICT_OBJC_MSGSEND = YES;
				GCC_C_LANGUAGE_STANDARD = gnu99;
				GCC_NO_COMMON_BLOCKS = YES;
				GCC_WARN_64_TO_32_BIT_CONVERSION = YES;
				GCC_WARN_ABOUT_RETURN_TYPE = YES_ERROR;
				GCC_WARN_UNDECLARED_SELECTOR = YES;
				GCC_WARN_UNINITIALIZED_AUTOS = YES_AGGRESSIVE;
				GCC_WARN_UNUSED_FUNCTION = YES;
				GCC_WARN_UNUSED_VARIABLE = YES;
				MACOSX_DEPLOYMENT_TARGET = 10.12;
				MTL_ENABLE_DEBUG_INFO = NO;
				SDKROOT = macosx;
			};
			name = Release;
		};
		749A8ABD1D2235B7001FA3A2 /* Debug */ = {
			isa = XCBuildConfiguration;
			buildSettings = {
				MACOSX_DEPLOYMENT_TARGET = 10.11;
				PRODUCT_NAME = "$(TARGET_NAME)";
			};
			name = Debug;
		};
		749A8ABE1D2235B7001FA3A2 /* Release */ = {
			isa = XCBuildConfiguration;
			buildSettings = {
				MACOSX_DEPLOYMENT_TARGET = 10.11;
				PRODUCT_NAME = "$(TARGET_NAME)";
			};
			name = Release;
		};
/* End XCBuildConfiguration section */

/* Begin XCConfigurationList section */
		749A8AB01D2235B7001FA3A2 /* Build configuration list for PBXProject "HackerRank" */ = {
			isa = XCConfigurationList;
			buildConfigurations = (
				749A8ABA1D2235B7001FA3A2 /* Debug */,
				749A8ABB1D2235B7001FA3A2 /* Release */,
			);
			defaultConfigurationIsVisible = 0;
			defaultConfigurationName = Release;
		};
		749A8ABC1D2235B7001FA3A2 /* Build configuration list for PBXNativeTarget "HackerRank" */ = {
			isa = XCConfigurationList;
			buildConfigurations = (
				749A8ABD1D2235B7001FA3A2 /* Debug */,
				749A8ABE1D2235B7001FA3A2 /* Release */,
			);
			defaultConfigurationIsVisible = 0;
			defaultConfigurationName = Release;
		};
/* End XCConfigurationList section */
	};
	rootObject = 749A8AAD1D2235B7001FA3A2 /* Project object */;
}
